// !$*UTF8*$!
{
	archiveVersion = 1;
	classes = {
	};
	objectVersion = 46;
	objects = {

/* Begin PBXBuildFile section */
		A20735041BC97E1200CEF141 /* Loxone.swift in Sources */ = {isa = PBXBuildFile; fileRef = A20735031BC97E1200CEF141 /* Loxone.swift */; };
		A21A2C0F1BD6BE350097F24D /* ActorDetailController.swift in Sources */ = {isa = PBXBuildFile; fileRef = A21A2C0E1BD6BE350097F24D /* ActorDetailController.swift */; };
		A21A2C121BD6C3EA0097F24D /* Main.storyboard in Resources */ = {isa = PBXBuildFile; fileRef = A21A2C101BD6C3EA0097F24D /* Main.storyboard */; };
		A22207501BFCDD9B0067B97D /* ActorCell.swift in Sources */ = {isa = PBXBuildFile; fileRef = A222074F1BFCDD9B0067B97D /* ActorCell.swift */; };
		A22B4FC41BC906730062970C /* AppDelegate.swift in Sources */ = {isa = PBXBuildFile; fileRef = A22B4FC31BC906730062970C /* AppDelegate.swift */; };
		A22B4FC61BC906730062970C /* ViewController.swift in Sources */ = {isa = PBXBuildFile; fileRef = A22B4FC51BC906730062970C /* ViewController.swift */; };
		A22B4FCB1BC906730062970C /* Assets.xcassets in Resources */ = {isa = PBXBuildFile; fileRef = A22B4FCA1BC906730062970C /* Assets.xcassets */; };
		A22B4FCE1BC906730062970C /* LaunchScreen.storyboard in Resources */ = {isa = PBXBuildFile; fileRef = A22B4FCC1BC906730062970C /* LaunchScreen.storyboard */; };
		A22B4FD31BC906730062970C /* HomeControl WatchKit App.app in Embed Watch Content */ = {isa = PBXBuildFile; fileRef = A22B4FD21BC906730062970C /* HomeControl WatchKit App.app */; };
		A22B4FD91BC906730062970C /* Interface.storyboard in Resources */ = {isa = PBXBuildFile; fileRef = A22B4FD71BC906730062970C /* Interface.storyboard */; };
		A22B4FDB1BC906730062970C /* Assets.xcassets in Resources */ = {isa = PBXBuildFile; fileRef = A22B4FDA1BC906730062970C /* Assets.xcassets */; };
		A22B4FE21BC906730062970C /* HomeControl WatchKit Extension.appex in Embed App Extensions */ = {isa = PBXBuildFile; fileRef = A22B4FE11BC906730062970C /* HomeControl WatchKit Extension.appex */; settings = {ATTRIBUTES = (RemoveHeadersOnCopy, ); }; };
		A22B4FE71BC906730062970C /* InterfaceController.swift in Sources */ = {isa = PBXBuildFile; fileRef = A22B4FE61BC906730062970C /* InterfaceController.swift */; };
		A22B4FE91BC906730062970C /* ExtensionDelegate.swift in Sources */ = {isa = PBXBuildFile; fileRef = A22B4FE81BC906730062970C /* ExtensionDelegate.swift */; };
		A22B4FEB1BC906730062970C /* Assets.xcassets in Resources */ = {isa = PBXBuildFile; fileRef = A22B4FEA1BC906730062970C /* Assets.xcassets */; };
		A23AE05E1C0461740093B060 /* NFX.swift in Sources */ = {isa = PBXBuildFile; fileRef = A23AE0551C0461740093B060 /* NFX.swift */; };
		A23AE05F1C0461740093B060 /* NFXBodyDetailsController.swift in Sources */ = {isa = PBXBuildFile; fileRef = A23AE0561C0461740093B060 /* NFXBodyDetailsController.swift */; };
		A23AE0601C0461740093B060 /* NFXDetailsController.swift in Sources */ = {isa = PBXBuildFile; fileRef = A23AE0571C0461740093B060 /* NFXDetailsController.swift */; };
		A23AE0611C0461740093B060 /* NFXHelper.swift in Sources */ = {isa = PBXBuildFile; fileRef = A23AE0581C0461740093B060 /* NFXHelper.swift */; };
		A23AE0621C0461740093B060 /* NFXHTTPModel.swift in Sources */ = {isa = PBXBuildFile; fileRef = A23AE0591C0461740093B060 /* NFXHTTPModel.swift */; };
		A23AE0631C0461740093B060 /* NFXHTTPModelManager.swift in Sources */ = {isa = PBXBuildFile; fileRef = A23AE05A1C0461740093B060 /* NFXHTTPModelManager.swift */; };
		A23AE0641C0461740093B060 /* NFXListCell.swift in Sources */ = {isa = PBXBuildFile; fileRef = A23AE05B1C0461740093B060 /* NFXListCell.swift */; };
		A23AE0651C0461740093B060 /* NFXListController.swift in Sources */ = {isa = PBXBuildFile; fileRef = A23AE05C1C0461740093B060 /* NFXListController.swift */; };
		A23AE0661C0461740093B060 /* NFXProtocol.swift in Sources */ = {isa = PBXBuildFile; fileRef = A23AE05D1C0461740093B060 /* NFXProtocol.swift */; };
		A26A36121BD13E1A00DA7622 /* SettingController.swift in Sources */ = {isa = PBXBuildFile; fileRef = A26A36111BD13E1A00DA7622 /* SettingController.swift */; };
		A26A36151BD1401400DA7622 /* LoxoneConfiguration.xcdatamodeld in Sources */ = {isa = PBXBuildFile; fileRef = A26A36131BD1401400DA7622 /* LoxoneConfiguration.xcdatamodeld */; };
		A2954D821BE1174200903087 /* Actor+CoreDataProperties.swift in Sources */ = {isa = PBXBuildFile; fileRef = A2954D801BE1174200903087 /* Actor+CoreDataProperties.swift */; };
		A2954D831BE1174200903087 /* Actor.swift in Sources */ = {isa = PBXBuildFile; fileRef = A2954D811BE1174200903087 /* Actor.swift */; };
		A2A408DE1BEA048800F568D0 /* ActorRowController.swift in Sources */ = {isa = PBXBuildFile; fileRef = A2A408DD1BEA048800F568D0 /* ActorRowController.swift */; };
		A2AEDC661C06071F006ED2FE /* Loxone.swift in Sources */ = {isa = PBXBuildFile; fileRef = A2AEDC651C06071F006ED2FE /* Loxone.swift */; };
		A2DFD8291BE271B800D1DF88 /* ActorController.swift in Sources */ = {isa = PBXBuildFile; fileRef = A2DFD8281BE271B800D1DF88 /* ActorController.swift */; };
		A2EB7A781BFB6DA4007DCA77 /* LastResultController.swift in Sources */ = {isa = PBXBuildFile; fileRef = A2EB7A771BFB6DA4007DCA77 /* LastResultController.swift */; };
/* End PBXBuildFile section */

/* Begin PBXContainerItemProxy section */
		A22B4FD41BC906730062970C /* PBXContainerItemProxy */ = {
			isa = PBXContainerItemProxy;
			containerPortal = A22B4FB81BC906720062970C /* Project object */;
			proxyType = 1;
			remoteGlobalIDString = A22B4FD11BC906730062970C;
			remoteInfo = "HomeControl WatchKit App";
		};
		A22B4FE31BC906730062970C /* PBXContainerItemProxy */ = {
			isa = PBXContainerItemProxy;
			containerPortal = A22B4FB81BC906720062970C /* Project object */;
			proxyType = 1;
			remoteGlobalIDString = A22B4FE01BC906730062970C;
			remoteInfo = "HomeControl WatchKit Extension";
		};
/* End PBXContainerItemProxy section */

/* Begin PBXCopyFilesBuildPhase section */
		A22B4FF21BC906730062970C /* Embed App Extensions */ = {
			isa = PBXCopyFilesBuildPhase;
			buildActionMask = 2147483647;
			dstPath = "";
			dstSubfolderSpec = 13;
			files = (
				A22B4FE21BC906730062970C /* HomeControl WatchKit Extension.appex in Embed App Extensions */,
			);
			name = "Embed App Extensions";
			runOnlyForDeploymentPostprocessing = 0;
		};
		A22B4FF61BC906730062970C /* Embed Watch Content */ = {
			isa = PBXCopyFilesBuildPhase;
			buildActionMask = 2147483647;
			dstPath = "$(CONTENTS_FOLDER_PATH)/Watch";
			dstSubfolderSpec = 16;
			files = (
				A22B4FD31BC906730062970C /* HomeControl WatchKit App.app in Embed Watch Content */,
			);
			name = "Embed Watch Content";
			runOnlyForDeploymentPostprocessing = 0;
		};
/* End PBXCopyFilesBuildPhase section */

/* Begin PBXFileReference section */
		A20735031BC97E1200CEF141 /* Loxone.swift */ = {isa = PBXFileReference; fileEncoding = 4; lastKnownFileType = sourcecode.swift; name = Loxone.swift; path = "HomeControl WatchKit Extension/Loxone.swift"; sourceTree = SOURCE_ROOT; };
		A21A2C0E1BD6BE350097F24D /* ActorDetailController.swift */ = {isa = PBXFileReference; fileEncoding = 4; lastKnownFileType = sourcecode.swift; path = ActorDetailController.swift; sourceTree = "<group>"; };
		A21A2C111BD6C3EA0097F24D /* Base */ = {isa = PBXFileReference; lastKnownFileType = file.storyboard; name = Base; path = Base.lproj/Main.storyboard; sourceTree = "<group>"; };
		A222074F1BFCDD9B0067B97D /* ActorCell.swift */ = {isa = PBXFileReference; fileEncoding = 4; lastKnownFileType = sourcecode.swift; path = ActorCell.swift; sourceTree = "<group>"; };
		A22B4FC01BC906730062970C /* HomeControl.app */ = {isa = PBXFileReference; explicitFileType = wrapper.application; includeInIndex = 0; path = HomeControl.app; sourceTree = BUILT_PRODUCTS_DIR; };
		A22B4FC31BC906730062970C /* AppDelegate.swift */ = {isa = PBXFileReference; lastKnownFileType = sourcecode.swift; path = AppDelegate.swift; sourceTree = "<group>"; };
		A22B4FC51BC906730062970C /* ViewController.swift */ = {isa = PBXFileReference; lastKnownFileType = sourcecode.swift; path = ViewController.swift; sourceTree = "<group>"; };
		A22B4FCA1BC906730062970C /* Assets.xcassets */ = {isa = PBXFileReference; lastKnownFileType = folder.assetcatalog; path = Assets.xcassets; sourceTree = "<group>"; };
		A22B4FCD1BC906730062970C /* Base */ = {isa = PBXFileReference; lastKnownFileType = file.storyboard; name = Base; path = Base.lproj/LaunchScreen.storyboard; sourceTree = "<group>"; };
		A22B4FCF1BC906730062970C /* Info.plist */ = {isa = PBXFileReference; lastKnownFileType = text.plist.xml; path = Info.plist; sourceTree = "<group>"; };
		A22B4FD21BC906730062970C /* HomeControl WatchKit App.app */ = {isa = PBXFileReference; explicitFileType = wrapper.application; includeInIndex = 0; path = "HomeControl WatchKit App.app"; sourceTree = BUILT_PRODUCTS_DIR; };
		A22B4FD81BC906730062970C /* Base */ = {isa = PBXFileReference; lastKnownFileType = file.storyboard; name = Base; path = Base.lproj/Interface.storyboard; sourceTree = "<group>"; };
		A22B4FDA1BC906730062970C /* Assets.xcassets */ = {isa = PBXFileReference; lastKnownFileType = folder.assetcatalog; path = Assets.xcassets; sourceTree = "<group>"; };
		A22B4FDC1BC906730062970C /* Info.plist */ = {isa = PBXFileReference; lastKnownFileType = text.plist.xml; path = Info.plist; sourceTree = "<group>"; };
		A22B4FE11BC906730062970C /* HomeControl WatchKit Extension.appex */ = {isa = PBXFileReference; explicitFileType = "wrapper.app-extension"; includeInIndex = 0; path = "HomeControl WatchKit Extension.appex"; sourceTree = BUILT_PRODUCTS_DIR; };
		A22B4FE61BC906730062970C /* InterfaceController.swift */ = {isa = PBXFileReference; lastKnownFileType = sourcecode.swift; path = InterfaceController.swift; sourceTree = "<group>"; };
		A22B4FE81BC906730062970C /* ExtensionDelegate.swift */ = {isa = PBXFileReference; lastKnownFileType = sourcecode.swift; path = ExtensionDelegate.swift; sourceTree = "<group>"; };
		A22B4FEA1BC906730062970C /* Assets.xcassets */ = {isa = PBXFileReference; lastKnownFileType = folder.assetcatalog; path = Assets.xcassets; sourceTree = "<group>"; };
		A22B4FEC1BC906730062970C /* Info.plist */ = {isa = PBXFileReference; lastKnownFileType = text.plist.xml; path = Info.plist; sourceTree = "<group>"; };
		A23AE0551C0461740093B060 /* NFX.swift */ = {isa = PBXFileReference; fileEncoding = 4; lastKnownFileType = sourcecode.swift; path = NFX.swift; sourceTree = "<group>"; };
		A23AE0561C0461740093B060 /* NFXBodyDetailsController.swift */ = {isa = PBXFileReference; fileEncoding = 4; lastKnownFileType = sourcecode.swift; path = NFXBodyDetailsController.swift; sourceTree = "<group>"; };
		A23AE0571C0461740093B060 /* NFXDetailsController.swift */ = {isa = PBXFileReference; fileEncoding = 4; lastKnownFileType = sourcecode.swift; path = NFXDetailsController.swift; sourceTree = "<group>"; };
		A23AE0581C0461740093B060 /* NFXHelper.swift */ = {isa = PBXFileReference; fileEncoding = 4; lastKnownFileType = sourcecode.swift; path = NFXHelper.swift; sourceTree = "<group>"; };
		A23AE0591C0461740093B060 /* NFXHTTPModel.swift */ = {isa = PBXFileReference; fileEncoding = 4; lastKnownFileType = sourcecode.swift; path = NFXHTTPModel.swift; sourceTree = "<group>"; };
		A23AE05A1C0461740093B060 /* NFXHTTPModelManager.swift */ = {isa = PBXFileReference; fileEncoding = 4; lastKnownFileType = sourcecode.swift; path = NFXHTTPModelManager.swift; sourceTree = "<group>"; };
		A23AE05B1C0461740093B060 /* NFXListCell.swift */ = {isa = PBXFileReference; fileEncoding = 4; lastKnownFileType = sourcecode.swift; path = NFXListCell.swift; sourceTree = "<group>"; };
		A23AE05C1C0461740093B060 /* NFXListController.swift */ = {isa = PBXFileReference; fileEncoding = 4; lastKnownFileType = sourcecode.swift; path = NFXListController.swift; sourceTree = "<group>"; };
		A23AE05D1C0461740093B060 /* NFXProtocol.swift */ = {isa = PBXFileReference; fileEncoding = 4; lastKnownFileType = sourcecode.swift; path = NFXProtocol.swift; sourceTree = "<group>"; };
		A26A36111BD13E1A00DA7622 /* SettingController.swift */ = {isa = PBXFileReference; fileEncoding = 4; lastKnownFileType = sourcecode.swift; path = SettingController.swift; sourceTree = "<group>"; };
		A26A36141BD1401400DA7622 /* LoxoneConfiguration.xcdatamodel */ = {isa = PBXFileReference; lastKnownFileType = wrapper.xcdatamodel; path = LoxoneConfiguration.xcdatamodel; sourceTree = "<group>"; };
		A2954D801BE1174200903087 /* Actor+CoreDataProperties.swift */ = {isa = PBXFileReference; fileEncoding = 4; lastKnownFileType = sourcecode.swift; path = "Actor+CoreDataProperties.swift"; sourceTree = "<group>"; };
		A2954D811BE1174200903087 /* Actor.swift */ = {isa = PBXFileReference; fileEncoding = 4; lastKnownFileType = sourcecode.swift; path = Actor.swift; sourceTree = "<group>"; };
		A2A408DD1BEA048800F568D0 /* ActorRowController.swift */ = {isa = PBXFileReference; fileEncoding = 4; lastKnownFileType = sourcecode.swift; path = ActorRowController.swift; sourceTree = "<group>"; };
		A2AEDC651C06071F006ED2FE /* Loxone.swift */ = {isa = PBXFileReference; fileEncoding = 4; lastKnownFileType = sourcecode.swift; path = Loxone.swift; sourceTree = "<group>"; };
		A2AFB3141BE916560021E993 /* LoxoneConfigurationWithOrdering.xcdatamodel */ = {isa = PBXFileReference; lastKnownFileType = wrapper.xcdatamodel; path = LoxoneConfigurationWithOrdering.xcdatamodel; sourceTree = "<group>"; };
		A2DFD8281BE271B800D1DF88 /* ActorController.swift */ = {isa = PBXFileReference; fileEncoding = 4; lastKnownFileType = sourcecode.swift; path = ActorController.swift; sourceTree = "<group>"; };
		A2EB7A771BFB6DA4007DCA77 /* LastResultController.swift */ = {isa = PBXFileReference; fileEncoding = 4; lastKnownFileType = sourcecode.swift; path = LastResultController.swift; sourceTree = "<group>"; };
/* End PBXFileReference section */

/* Begin PBXFrameworksBuildPhase section */
		A22B4FBD1BC906720062970C /* Frameworks */ = {
			isa = PBXFrameworksBuildPhase;
			buildActionMask = 2147483647;
			files = (
			);
			runOnlyForDeploymentPostprocessing = 0;
		};
		A22B4FDE1BC906730062970C /* Frameworks */ = {
			isa = PBXFrameworksBuildPhase;
			buildActionMask = 2147483647;
			files = (
			);
			runOnlyForDeploymentPostprocessing = 0;
		};
/* End PBXFrameworksBuildPhase section */

/* Begin PBXGroup section */
		A22B4FB71BC906720062970C = {
			isa = PBXGroup;
			children = (
				A26A36131BD1401400DA7622 /* LoxoneConfiguration.xcdatamodeld */,
				A22B4FC21BC906730062970C /* HomeControl */,
				A22B4FD61BC906730062970C /* HomeControl WatchKit App */,
				A22B4FE51BC906730062970C /* HomeControl WatchKit Extension */,
				A22B4FC11BC906730062970C /* Products */,
			);
			sourceTree = "<group>";
		};
		A22B4FC11BC906730062970C /* Products */ = {
			isa = PBXGroup;
			children = (
				A22B4FC01BC906730062970C /* HomeControl.app */,
				A22B4FD21BC906730062970C /* HomeControl WatchKit App.app */,
				A22B4FE11BC906730062970C /* HomeControl WatchKit Extension.appex */,
			);
			name = Products;
			sourceTree = "<group>";
		};
		A22B4FC21BC906730062970C /* HomeControl */ = {
			isa = PBXGroup;
			children = (
				A23AE0541C0461740093B060 /* nfx */,
				A2954D801BE1174200903087 /* Actor+CoreDataProperties.swift */,
				A2954D811BE1174200903087 /* Actor.swift */,
				A21A2C101BD6C3EA0097F24D /* Main.storyboard */,
				A222074F1BFCDD9B0067B97D /* ActorCell.swift */,
				A22B4FC31BC906730062970C /* AppDelegate.swift */,
				A22B4FC51BC906730062970C /* ViewController.swift */,
				A22B4FCA1BC906730062970C /* Assets.xcassets */,
				A22B4FCC1BC906730062970C /* LaunchScreen.storyboard */,
				A22B4FCF1BC906730062970C /* Info.plist */,
				A26A36111BD13E1A00DA7622 /* SettingController.swift */,
				A21A2C0E1BD6BE350097F24D /* ActorDetailController.swift */,
				A2AEDC651C06071F006ED2FE /* Loxone.swift */,
			);
			path = HomeControl;
			sourceTree = "<group>";
		};
		A22B4FD61BC906730062970C /* HomeControl WatchKit App */ = {
			isa = PBXGroup;
			children = (
				A22B4FD71BC906730062970C /* Interface.storyboard */,
				A22B4FDA1BC906730062970C /* Assets.xcassets */,
				A22B4FDC1BC906730062970C /* Info.plist */,
			);
			path = "HomeControl WatchKit App";
			sourceTree = "<group>";
		};
		A22B4FE51BC906730062970C /* HomeControl WatchKit Extension */ = {
			isa = PBXGroup;
			children = (
				A2EB7A771BFB6DA4007DCA77 /* LastResultController.swift */,
				A22B4FE61BC906730062970C /* InterfaceController.swift */,
				A22B4FE81BC906730062970C /* ExtensionDelegate.swift */,
				A22B4FEA1BC906730062970C /* Assets.xcassets */,
				A22B4FEC1BC906730062970C /* Info.plist */,
				A2DFD8281BE271B800D1DF88 /* ActorController.swift */,
				A20735031BC97E1200CEF141 /* Loxone.swift */,
				A2A408DD1BEA048800F568D0 /* ActorRowController.swift */,
			);
			path = "HomeControl WatchKit Extension";
			sourceTree = "<group>";
		};
		A23AE0541C0461740093B060 /* nfx */ = {
			isa = PBXGroup;
			children = (
				A23AE0551C0461740093B060 /* NFX.swift */,
				A23AE0561C0461740093B060 /* NFXBodyDetailsController.swift */,
				A23AE0571C0461740093B060 /* NFXDetailsController.swift */,
				A23AE0581C0461740093B060 /* NFXHelper.swift */,
				A23AE0591C0461740093B060 /* NFXHTTPModel.swift */,
				A23AE05A1C0461740093B060 /* NFXHTTPModelManager.swift */,
				A23AE05B1C0461740093B060 /* NFXListCell.swift */,
				A23AE05C1C0461740093B060 /* NFXListController.swift */,
				A23AE05D1C0461740093B060 /* NFXProtocol.swift */,
			);
			path = nfx;
			sourceTree = "<group>";
		};
/* End PBXGroup section */

/* Begin PBXNativeTarget section */
		A22B4FBF1BC906720062970C /* HomeControl */ = {
			isa = PBXNativeTarget;
			buildConfigurationList = A22B4FF71BC906730062970C /* Build configuration list for PBXNativeTarget "HomeControl" */;
			buildPhases = (
				A22B4FBC1BC906720062970C /* Sources */,
				A22B4FBD1BC906720062970C /* Frameworks */,
				A22B4FBE1BC906720062970C /* Resources */,
				A22B4FF61BC906730062970C /* Embed Watch Content */,
			);
			buildRules = (
			);
			dependencies = (
				A22B4FD51BC906730062970C /* PBXTargetDependency */,
			);
			name = HomeControl;
			productName = HomeControl;
			productReference = A22B4FC01BC906730062970C /* HomeControl.app */;
			productType = "com.apple.product-type.application";
		};
		A22B4FD11BC906730062970C /* HomeControl WatchKit App */ = {
			isa = PBXNativeTarget;
			buildConfigurationList = A22B4FF31BC906730062970C /* Build configuration list for PBXNativeTarget "HomeControl WatchKit App" */;
			buildPhases = (
				A22B4FD01BC906730062970C /* Resources */,
				A22B4FF21BC906730062970C /* Embed App Extensions */,
			);
			buildRules = (
			);
			dependencies = (
				A22B4FE41BC906730062970C /* PBXTargetDependency */,
			);
			name = "HomeControl WatchKit App";
			productName = "HomeControl WatchKit App";
			productReference = A22B4FD21BC906730062970C /* HomeControl WatchKit App.app */;
			productType = "com.apple.product-type.application.watchapp2";
		};
		A22B4FE01BC906730062970C /* HomeControl WatchKit Extension */ = {
			isa = PBXNativeTarget;
			buildConfigurationList = A22B4FEF1BC906730062970C /* Build configuration list for PBXNativeTarget "HomeControl WatchKit Extension" */;
			buildPhases = (
				A22B4FDD1BC906730062970C /* Sources */,
				A22B4FDE1BC906730062970C /* Frameworks */,
				A22B4FDF1BC906730062970C /* Resources */,
			);
			buildRules = (
			);
			dependencies = (
			);
			name = "HomeControl WatchKit Extension";
			productName = "HomeControl WatchKit Extension";
			productReference = A22B4FE11BC906730062970C /* HomeControl WatchKit Extension.appex */;
			productType = "com.apple.product-type.watchkit2-extension";
		};
/* End PBXNativeTarget section */

/* Begin PBXProject section */
		A22B4FB81BC906720062970C /* Project object */ = {
			isa = PBXProject;
			attributes = {
				LastUpgradeCheck = 0700;
				ORGANIZATIONNAME = "Christoph Eicke";
				TargetAttributes = {
					A22B4FBF1BC906720062970C = {
						CreatedOnToolsVersion = 7.0.1;
						DevelopmentTeam = 3P69TXCM58;
						SystemCapabilities = {
							com.apple.ApplicationGroups.iOS = {
								enabled = 0;
							};
							com.apple.Keychain = {
								enabled = 0;
							};
						};
					};
					A22B4FD11BC906730062970C = {
						CreatedOnToolsVersion = 7.0.1;
						DevelopmentTeam = 3P69TXCM58;
						SystemCapabilities = {
							com.apple.ApplicationGroups.iOS = {
								enabled = 0;
							};
						};
					};
					A22B4FE01BC906730062970C = {
						CreatedOnToolsVersion = 7.0.1;
						DevelopmentTeam = 3P69TXCM58;
						SystemCapabilities = {
							com.apple.ApplicationGroups.iOS = {
								enabled = 0;
							};
							com.apple.Keychain = {
								enabled = 0;
							};
						};
					};
				};
			};
			buildConfigurationList = A22B4FBB1BC906720062970C /* Build configuration list for PBXProject "HomeControl" */;
			compatibilityVersion = "Xcode 3.2";
			developmentRegion = English;
			hasScannedForEncodings = 0;
			knownRegions = (
				en,
				Base,
			);
			mainGroup = A22B4FB71BC906720062970C;
			productRefGroup = A22B4FC11BC906730062970C /* Products */;
			projectDirPath = "";
			projectRoot = "";
			targets = (
				A22B4FBF1BC906720062970C /* HomeControl */,
				A22B4FD11BC906730062970C /* HomeControl WatchKit App */,
				A22B4FE01BC906730062970C /* HomeControl WatchKit Extension */,
			);
		};
/* End PBXProject section */

/* Begin PBXResourcesBuildPhase section */
		A22B4FBE1BC906720062970C /* Resources */ = {
			isa = PBXResourcesBuildPhase;
			buildActionMask = 2147483647;
			files = (
				A21A2C121BD6C3EA0097F24D /* Main.storyboard in Resources */,
				A22B4FCE1BC906730062970C /* LaunchScreen.storyboard in Resources */,
				A22B4FCB1BC906730062970C /* Assets.xcassets in Resources */,
			);
			runOnlyForDeploymentPostprocessing = 0;
		};
		A22B4FD01BC906730062970C /* Resources */ = {
			isa = PBXResourcesBuildPhase;
			buildActionMask = 2147483647;
			files = (
				A22B4FDB1BC906730062970C /* Assets.xcassets in Resources */,
				A22B4FD91BC906730062970C /* Interface.storyboard in Resources */,
			);
			runOnlyForDeploymentPostprocessing = 0;
		};
		A22B4FDF1BC906730062970C /* Resources */ = {
			isa = PBXResourcesBuildPhase;
			buildActionMask = 2147483647;
			files = (
				A22B4FEB1BC906730062970C /* Assets.xcassets in Resources */,
			);
			runOnlyForDeploymentPostprocessing = 0;
		};
/* End PBXResourcesBuildPhase section */

/* Begin PBXSourcesBuildPhase section */
		A22B4FBC1BC906720062970C /* Sources */ = {
			isa = PBXSourcesBuildPhase;
			buildActionMask = 2147483647;
			files = (
				A23AE0641C0461740093B060 /* NFXListCell.swift in Sources */,
				A26A36121BD13E1A00DA7622 /* SettingController.swift in Sources */,
				A2954D821BE1174200903087 /* Actor+CoreDataProperties.swift in Sources */,
				A21A2C0F1BD6BE350097F24D /* ActorDetailController.swift in Sources */,
				A22207501BFCDD9B0067B97D /* ActorCell.swift in Sources */,
				A2954D831BE1174200903087 /* Actor.swift in Sources */,
				A23AE05E1C0461740093B060 /* NFX.swift in Sources */,
				A23AE0611C0461740093B060 /* NFXHelper.swift in Sources */,
				A22B4FC61BC906730062970C /* ViewController.swift in Sources */,
				A26A36151BD1401400DA7622 /* LoxoneConfiguration.xcdatamodeld in Sources */,
				A23AE0661C0461740093B060 /* NFXProtocol.swift in Sources */,
				A22B4FC41BC906730062970C /* AppDelegate.swift in Sources */,
				A2AEDC661C06071F006ED2FE /* Loxone.swift in Sources */,
				A23AE0631C0461740093B060 /* NFXHTTPModelManager.swift in Sources */,
				A23AE0601C0461740093B060 /* NFXDetailsController.swift in Sources */,
				A23AE05F1C0461740093B060 /* NFXBodyDetailsController.swift in Sources */,
				A23AE0651C0461740093B060 /* NFXListController.swift in Sources */,
				A23AE0621C0461740093B060 /* NFXHTTPModel.swift in Sources */,
			);
			runOnlyForDeploymentPostprocessing = 0;
		};
		A22B4FDD1BC906730062970C /* Sources */ = {
			isa = PBXSourcesBuildPhase;
			buildActionMask = 2147483647;
			files = (
				A20735041BC97E1200CEF141 /* Loxone.swift in Sources */,
				A2A408DE1BEA048800F568D0 /* ActorRowController.swift in Sources */,
				A2EB7A781BFB6DA4007DCA77 /* LastResultController.swift in Sources */,
				A2DFD8291BE271B800D1DF88 /* ActorController.swift in Sources */,
				A22B4FE91BC906730062970C /* ExtensionDelegate.swift in Sources */,
				A22B4FE71BC906730062970C /* InterfaceController.swift in Sources */,
			);
			runOnlyForDeploymentPostprocessing = 0;
		};
/* End PBXSourcesBuildPhase section */

/* Begin PBXTargetDependency section */
		A22B4FD51BC906730062970C /* PBXTargetDependency */ = {
			isa = PBXTargetDependency;
			target = A22B4FD11BC906730062970C /* HomeControl WatchKit App */;
			targetProxy = A22B4FD41BC906730062970C /* PBXContainerItemProxy */;
		};
		A22B4FE41BC906730062970C /* PBXTargetDependency */ = {
			isa = PBXTargetDependency;
			target = A22B4FE01BC906730062970C /* HomeControl WatchKit Extension */;
			targetProxy = A22B4FE31BC906730062970C /* PBXContainerItemProxy */;
		};
/* End PBXTargetDependency section */

/* Begin PBXVariantGroup section */
		A21A2C101BD6C3EA0097F24D /* Main.storyboard */ = {
			isa = PBXVariantGroup;
			children = (
				A21A2C111BD6C3EA0097F24D /* Base */,
			);
			name = Main.storyboard;
			sourceTree = "<group>";
		};
		A22B4FCC1BC906730062970C /* LaunchScreen.storyboard */ = {
			isa = PBXVariantGroup;
			children = (
				A22B4FCD1BC906730062970C /* Base */,
			);
			name = LaunchScreen.storyboard;
			sourceTree = "<group>";
		};
		A22B4FD71BC906730062970C /* Interface.storyboard */ = {
			isa = PBXVariantGroup;
			children = (
				A22B4FD81BC906730062970C /* Base */,
			);
			name = Interface.storyboard;
			sourceTree = "<group>";
		};
/* End PBXVariantGroup section */

/* Begin XCBuildConfiguration section */
		A22B4FED1BC906730062970C /* Debug */ = {
			isa = XCBuildConfiguration;
			buildSettings = {
				ALWAYS_SEARCH_USER_PATHS = NO;
				CLANG_CXX_LANGUAGE_STANDARD = "gnu++0x";
				CLANG_CXX_LIBRARY = "libc++";
				CLANG_ENABLE_MODULES = YES;
				CLANG_ENABLE_OBJC_ARC = YES;
				CLANG_WARN_BOOL_CONVERSION = YES;
				CLANG_WARN_CONSTANT_CONVERSION = YES;
				CLANG_WARN_DIRECT_OBJC_ISA_USAGE = YES_ERROR;
				CLANG_WARN_EMPTY_BODY = YES;
				CLANG_WARN_ENUM_CONVERSION = YES;
				CLANG_WARN_INT_CONVERSION = YES;
				CLANG_WARN_OBJC_ROOT_CLASS = YES_ERROR;
				CLANG_WARN_UNREACHABLE_CODE = YES;
				CLANG_WARN__DUPLICATE_METHOD_MATCH = YES;
				"CODE_SIGN_IDENTITY[sdk=iphoneos*]" = "iPhone Developer";
				COPY_PHASE_STRIP = NO;
				DEBUG_INFORMATION_FORMAT = dwarf;
				ENABLE_STRICT_OBJC_MSGSEND = YES;
				ENABLE_TESTABILITY = YES;
				GCC_C_LANGUAGE_STANDARD = gnu99;
				GCC_DYNAMIC_NO_PIC = NO;
				GCC_NO_COMMON_BLOCKS = YES;
				GCC_OPTIMIZATION_LEVEL = 0;
				GCC_PREPROCESSOR_DEFINITIONS = (
					"DEBUG=1",
					"$(inherited)",
				);
				GCC_WARN_64_TO_32_BIT_CONVERSION = YES;
				GCC_WARN_ABOUT_RETURN_TYPE = YES_ERROR;
				GCC_WARN_UNDECLARED_SELECTOR = YES;
				GCC_WARN_UNINITIALIZED_AUTOS = YES_AGGRESSIVE;
				GCC_WARN_UNUSED_FUNCTION = YES;
				GCC_WARN_UNUSED_VARIABLE = YES;
				IPHONEOS_DEPLOYMENT_TARGET = 9.0;
				MTL_ENABLE_DEBUG_INFO = YES;
				ONLY_ACTIVE_ARCH = YES;
				SDKROOT = iphoneos;
				SWIFT_OPTIMIZATION_LEVEL = "-Onone";
				VERSIONING_SYSTEM = "apple-generic";
			};
			name = Debug;
		};
		A22B4FEE1BC906730062970C /* Release */ = {
			isa = XCBuildConfiguration;
			buildSettings = {
				ALWAYS_SEARCH_USER_PATHS = NO;
				CLANG_CXX_LANGUAGE_STANDARD = "gnu++0x";
				CLANG_CXX_LIBRARY = "libc++";
				CLANG_ENABLE_MODULES = YES;
				CLANG_ENABLE_OBJC_ARC = YES;
				CLANG_WARN_BOOL_CONVERSION = YES;
				CLANG_WARN_CONSTANT_CONVERSION = YES;
				CLANG_WARN_DIRECT_OBJC_ISA_USAGE = YES_ERROR;
				CLANG_WARN_EMPTY_BODY = YES;
				CLANG_WARN_ENUM_CONVERSION = YES;
				CLANG_WARN_INT_CONVERSION = YES;
				CLANG_WARN_OBJC_ROOT_CLASS = YES_ERROR;
				CLANG_WARN_UNREACHABLE_CODE = YES;
				CLANG_WARN__DUPLICATE_METHOD_MATCH = YES;
				"CODE_SIGN_IDENTITY[sdk=iphoneos*]" = "iPhone Developer";
				COPY_PHASE_STRIP = NO;
				DEBUG_INFORMATION_FORMAT = "dwarf-with-dsym";
				ENABLE_NS_ASSERTIONS = NO;
				ENABLE_STRICT_OBJC_MSGSEND = YES;
				GCC_C_LANGUAGE_STANDARD = gnu99;
				GCC_NO_COMMON_BLOCKS = YES;
				GCC_WARN_64_TO_32_BIT_CONVERSION = YES;
				GCC_WARN_ABOUT_RETURN_TYPE = YES_ERROR;
				GCC_WARN_UNDECLARED_SELECTOR = YES;
				GCC_WARN_UNINITIALIZED_AUTOS = YES_AGGRESSIVE;
				GCC_WARN_UNUSED_FUNCTION = YES;
				GCC_WARN_UNUSED_VARIABLE = YES;
				IPHONEOS_DEPLOYMENT_TARGET = 9.0;
				MTL_ENABLE_DEBUG_INFO = NO;
				SDKROOT = iphoneos;
				VALIDATE_PRODUCT = YES;
				VERSIONING_SYSTEM = "apple-generic";
			};
			name = Release;
		};
		A22B4FF01BC906730062970C /* Debug */ = {
			isa = XCBuildConfiguration;
			buildSettings = {
				CODE_SIGN_IDENTITY = "iPhone Developer";
				"CODE_SIGN_IDENTITY[sdk=watchos*]" = "iPhone Developer";
				INFOPLIST_FILE = "HomeControl WatchKit Extension/Info.plist";
				LD_RUNPATH_SEARCH_PATHS = "$(inherited) @executable_path/Frameworks @executable_path/../../Frameworks";
				PRODUCT_BUNDLE_IDENTIFIER = org.geisterstunde.HomeControl.watchkitapp.watchkitextension;
				PRODUCT_NAME = "${TARGET_NAME}";
				PROVISIONING_PROFILE = "";
				SDKROOT = watchos;
				SKIP_INSTALL = YES;
				TARGETED_DEVICE_FAMILY = 4;
				VERSIONING_SYSTEM = "apple-generic";
				WATCHOS_DEPLOYMENT_TARGET = 2.0;
			};
			name = Debug;
		};
		A22B4FF11BC906730062970C /* Release */ = {
			isa = XCBuildConfiguration;
			buildSettings = {
				CODE_SIGN_IDENTITY = "iPhone Developer";
				"CODE_SIGN_IDENTITY[sdk=watchos*]" = "iPhone Developer";
				INFOPLIST_FILE = "HomeControl WatchKit Extension/Info.plist";
				LD_RUNPATH_SEARCH_PATHS = "$(inherited) @executable_path/Frameworks @executable_path/../../Frameworks";
				PRODUCT_BUNDLE_IDENTIFIER = org.geisterstunde.HomeControl.watchkitapp.watchkitextension;
				PRODUCT_NAME = "${TARGET_NAME}";
				PROVISIONING_PROFILE = "";
				SDKROOT = watchos;
				SKIP_INSTALL = YES;
				TARGETED_DEVICE_FAMILY = 4;
				VERSIONING_SYSTEM = "apple-generic";
				WATCHOS_DEPLOYMENT_TARGET = 2.0;
			};
			name = Release;
		};
		A22B4FF41BC906730062970C /* Debug */ = {
			isa = XCBuildConfiguration;
			buildSettings = {
				ASSETCATALOG_COMPILER_APPICON_NAME = AppIcon;
				CODE_SIGN_IDENTITY = "iPhone Developer";
				"CODE_SIGN_IDENTITY[sdk=watchos*]" = "iPhone Developer";
				EMBEDDED_CONTENT_CONTAINS_SWIFT = YES;
				IBSC_MODULE = HomeControl_WatchKit_Extension;
				INFOPLIST_FILE = "HomeControl WatchKit App/Info.plist";
				PRODUCT_BUNDLE_IDENTIFIER = org.geisterstunde.HomeControl.watchkitapp;
				PRODUCT_NAME = "$(TARGET_NAME)";
				PROVISIONING_PROFILE = "";
				SDKROOT = watchos;
				SKIP_INSTALL = YES;
				TARGETED_DEVICE_FAMILY = 4;
				VERSIONING_SYSTEM = "apple-generic";
				WATCHOS_DEPLOYMENT_TARGET = 2.0;
			};
			name = Debug;
		};
		A22B4FF51BC906730062970C /* Release */ = {
			isa = XCBuildConfiguration;
			buildSettings = {
				ASSETCATALOG_COMPILER_APPICON_NAME = AppIcon;
				CODE_SIGN_IDENTITY = "iPhone Developer";
				"CODE_SIGN_IDENTITY[sdk=watchos*]" = "iPhone Developer";
				EMBEDDED_CONTENT_CONTAINS_SWIFT = YES;
				IBSC_MODULE = HomeControl_WatchKit_Extension;
				INFOPLIST_FILE = "HomeControl WatchKit App/Info.plist";
				PRODUCT_BUNDLE_IDENTIFIER = org.geisterstunde.HomeControl.watchkitapp;
				PRODUCT_NAME = "$(TARGET_NAME)";
				PROVISIONING_PROFILE = "";
				SDKROOT = watchos;
				SKIP_INSTALL = YES;
				TARGETED_DEVICE_FAMILY = 4;
				VERSIONING_SYSTEM = "apple-generic";
				WATCHOS_DEPLOYMENT_TARGET = 2.0;
			};
			name = Release;
		};
		A22B4FF81BC906730062970C /* Debug */ = {
			isa = XCBuildConfiguration;
			buildSettings = {
				ASSETCATALOG_COMPILER_APPICON_NAME = AppIcon;
				CODE_SIGN_IDENTITY = "iPhone Developer";
				"CODE_SIGN_IDENTITY[sdk=iphoneos*]" = "iPhone Developer";
				INFOPLIST_FILE = HomeControl/Info.plist;
				IPHONEOS_DEPLOYMENT_TARGET = 9.0;
				LD_RUNPATH_SEARCH_PATHS = "$(inherited) @executable_path/Frameworks";
				OTHER_SWIFT_FLAGS = "-DDEBUG";
				PRODUCT_BUNDLE_IDENTIFIER = org.geisterstunde.HomeControl;
				PRODUCT_NAME = "$(TARGET_NAME)";
				PROVISIONING_PROFILE = "";
				VERSIONING_SYSTEM = "apple-generic";
			};
			name = Debug;
		};
		A22B4FF91BC906730062970C /* Release */ = {
			isa = XCBuildConfiguration;
			buildSettings = {
				ASSETCATALOG_COMPILER_APPICON_NAME = AppIcon;
				CODE_SIGN_IDENTITY = "iPhone Developer";
				"CODE_SIGN_IDENTITY[sdk=iphoneos*]" = "iPhone Developer";
				INFOPLIST_FILE = HomeControl/Info.plist;
				IPHONEOS_DEPLOYMENT_TARGET = 9.0;
				LD_RUNPATH_SEARCH_PATHS = "$(inherited) @executable_path/Frameworks";
				OTHER_SWIFT_FLAGS = "-DDEBUG";
				PRODUCT_BUNDLE_IDENTIFIER = org.geisterstunde.HomeControl;
				PRODUCT_NAME = "$(TARGET_NAME)";
				PROVISIONING_PROFILE = "";
				VERSIONING_SYSTEM = "apple-generic";
			};
			name = Release;
		};
/* End XCBuildConfiguration section */

/* Begin XCConfigurationList section */
		A22B4FBB1BC906720062970C /* Build configuration list for PBXProject "HomeControl" */ = {
			isa = XCConfigurationList;
			buildConfigurations = (
				A22B4FED1BC906730062970C /* Debug */,
				A22B4FEE1BC906730062970C /* Release */,
			);
			defaultConfigurationIsVisible = 0;
			defaultConfigurationName = Release;
		};
		A22B4FEF1BC906730062970C /* Build configuration list for PBXNativeTarget "HomeControl WatchKit Extension" */ = {
			isa = XCConfigurationList;
			buildConfigurations = (
				A22B4FF01BC906730062970C /* Debug */,
				A22B4FF11BC906730062970C /* Release */,
			);
			defaultConfigurationIsVisible = 0;
			defaultConfigurationName = Release;
		};
		A22B4FF31BC906730062970C /* Build configuration list for PBXNativeTarget "HomeControl WatchKit App" */ = {
			isa = XCConfigurationList;
			buildConfigurations = (
				A22B4FF41BC906730062970C /* Debug */,
				A22B4FF51BC906730062970C /* Release */,
			);
			defaultConfigurationIsVisible = 0;
			defaultConfigurationName = Release;
		};
		A22B4FF71BC906730062970C /* Build configuration list for PBXNativeTarget "HomeControl" */ = {
			isa = XCConfigurationList;
			buildConfigurations = (
				A22B4FF81BC906730062970C /* Debug */,
				A22B4FF91BC906730062970C /* Release */,
			);
			defaultConfigurationIsVisible = 0;
			defaultConfigurationName = Release;
		};
/* End XCConfigurationList section */

/* Begin XCVersionGroup section */
		A26A36131BD1401400DA7622 /* LoxoneConfiguration.xcdatamodeld */ = {
			isa = XCVersionGroup;
			children = (
				A2AFB3141BE916560021E993 /* LoxoneConfigurationWithOrdering.xcdatamodel */,
				A26A36141BD1401400DA7622 /* LoxoneConfiguration.xcdatamodel */,
			);
			currentVersion = A2AFB3141BE916560021E993 /* LoxoneConfigurationWithOrdering.xcdatamodel */;
			path = LoxoneConfiguration.xcdatamodeld;
			sourceTree = "<group>";
			versionGroupType = wrapper.xcdatamodel;
		};
/* End XCVersionGroup section */
	};
	rootObject = A22B4FB81BC906720062970C /* Project object */;
}
